
Microsoft Visual Studio Solution File, Format Version 12.00
# Visual Studio Version 16
VisualStudioVersion = 16.0.30907.101
MinimumVisualStudioVersion = 10.0.40219.1
Project("{FAE04EC0-301F-11D3-BF4B-00C04F79EFBC}") = "DiscordBot", "DiscordBot\DiscordBot.csproj", "{922DA8EF-8D2F-4BEE-98F5-8BE0C9A4C513}"
EndProject
Global
	GlobalSection(SolutionConfigurationPlatforms) = preSolution
		Debug|Any CPU = Debug|Any CPU
		Release|Any CPU = Release|Any CPU
	EndGlobalSection
	GlobalSection(ProjectConfigurationPlatforms) = postSolution
		{922DA8EF-8D2F-4BEE-98F5-8BE0C9A4C513}.Debug|Any CPU.ActiveCfg = Debug|Any CPU
		{922DA8EF-8D2F-4BEE-98F5-8BE0C9A4C513}.Debug|Any CPU.Build.0 = Debug|Any CPU
		{922DA8EF-8D2F-4BEE-98F5-8BE0C9A4C513}.Release|Any CPU.ActiveCfg = Release|Any CPU
		{922DA8EF-8D2F-4BEE-98F5-8BE0C9A4C513}.Release|Any CPU.Build.0 = Release|Any CPU
	EndGlobalSection
	GlobalSection(SolutionProperties) = preSolution
		HideSolutionNode = FALSE
	EndGlobalSection
	GlobalSection(ExtensibilityGlobals) = postSolution
		SolutionGuid = {945581A5-B72F-4F0B-B2AA-163683EC7F41}
	EndGlobalSection
EndGlobal
